// !$*UTF8*$!
{
	archiveVersion = 1;
	classes = {
	};
	objectVersion = 56;
	objects = {

/* Begin PBXBuildFile section */
		09303C525C2D72A7E5B99C96 /* Pods_github_search_exampleTests.framework in Frameworks */ = {isa = PBXBuildFile; fileRef = 28DA6F11979E00C41160FD7F /* Pods_github_search_exampleTests.framework */; };
		116A2CF6F10450E524B02342 /* Pods_github_search_example_github_search_exampleUITests.framework in Frameworks */ = {isa = PBXBuildFile; fileRef = A98743C4C13D7B0916E1900B /* Pods_github_search_example_github_search_exampleUITests.framework */; };
		7B788930F4B6B119D0D94850 /* Pods_github_search_example.framework in Frameworks */ = {isa = PBXBuildFile; fileRef = 2CEB9B01CD65DBE3D4F10908 /* Pods_github_search_example.framework */; };
		987CF3DB2AF14BD4003468F4 /* AppDelegate.swift in Sources */ = {isa = PBXBuildFile; fileRef = 987CF3DA2AF14BD4003468F4 /* AppDelegate.swift */; };
		987CF3DD2AF14BD4003468F4 /* SceneDelegate.swift in Sources */ = {isa = PBXBuildFile; fileRef = 987CF3DC2AF14BD4003468F4 /* SceneDelegate.swift */; };
		987CF3E22AF14BD4003468F4 /* Main.storyboard in Resources */ = {isa = PBXBuildFile; fileRef = 987CF3E02AF14BD4003468F4 /* Main.storyboard */; };
		987CF3E42AF14BD5003468F4 /* Assets.xcassets in Resources */ = {isa = PBXBuildFile; fileRef = 987CF3E32AF14BD5003468F4 /* Assets.xcassets */; };
		987CF3E72AF14BD5003468F4 /* LaunchScreen.storyboard in Resources */ = {isa = PBXBuildFile; fileRef = 987CF3E52AF14BD5003468F4 /* LaunchScreen.storyboard */; };
		987CF3F22AF14BD5003468F4 /* github_search_exampleTests.swift in Sources */ = {isa = PBXBuildFile; fileRef = 987CF3F12AF14BD5003468F4 /* github_search_exampleTests.swift */; };
		987CF3FC2AF14BD5003468F4 /* github_search_exampleUITests.swift in Sources */ = {isa = PBXBuildFile; fileRef = 987CF3FB2AF14BD5003468F4 /* github_search_exampleUITests.swift */; };
		987CF3FE2AF14BD5003468F4 /* github_search_exampleUITestsLaunchTests.swift in Sources */ = {isa = PBXBuildFile; fileRef = 987CF3FD2AF14BD5003468F4 /* github_search_exampleUITestsLaunchTests.swift */; };
		987CF40B2AF15ADC003468F4 /* GithubSearchTableViewController.swift in Sources */ = {isa = PBXBuildFile; fileRef = 987CF40A2AF15ADC003468F4 /* GithubSearchTableViewController.swift */; };
		987CF40D2AF16F53003468F4 /* GithubSearchTableViewCell.swift in Sources */ = {isa = PBXBuildFile; fileRef = 987CF40C2AF16F53003468F4 /* GithubSearchTableViewCell.swift */; };
		987CF41A2AF192A7003468F4 /* NetworkTypes.swift in Sources */ = {isa = PBXBuildFile; fileRef = 987CF4192AF192A7003468F4 /* NetworkTypes.swift */; };
		987CF41C2AF1A119003468F4 /* WebViewViewController.swift in Sources */ = {isa = PBXBuildFile; fileRef = 987CF41B2AF1A119003468F4 /* WebViewViewController.swift */; };
		98D03F072AF295BD0040E286 /* NetworkApi.swift in Sources */ = {isa = PBXBuildFile; fileRef = 98D03F062AF295BD0040E286 /* NetworkApi.swift */; };
/* End PBXBuildFile section */

/* Begin PBXContainerItemProxy section */
		987CF3EE2AF14BD5003468F4 /* PBXContainerItemProxy */ = {
			isa = PBXContainerItemProxy;
			containerPortal = 987CF3CF2AF14BD4003468F4 /* Project object */;
			proxyType = 1;
			remoteGlobalIDString = 987CF3D62AF14BD4003468F4;
			remoteInfo = "github-search-example";
		};
		987CF3F82AF14BD5003468F4 /* PBXContainerItemProxy */ = {
			isa = PBXContainerItemProxy;
			containerPortal = 987CF3CF2AF14BD4003468F4 /* Project object */;
			proxyType = 1;
			remoteGlobalIDString = 987CF3D62AF14BD4003468F4;
			remoteInfo = "github-search-example";
		};
/* End PBXContainerItemProxy section */

/* Begin PBXFileReference section */
		08321B568DFDE620BDFBA6C7 /* Pods-github-search-exampleTests.debug.xcconfig */ = {isa = PBXFileReference; includeInIndex = 1; lastKnownFileType = text.xcconfig; name = "Pods-github-search-exampleTests.debug.xcconfig"; path = "Target Support Files/Pods-github-search-exampleTests/Pods-github-search-exampleTests.debug.xcconfig"; sourceTree = "<group>"; };
		1E5F244E7622889AFFCA246D /* Pods-github-search-example.release.xcconfig */ = {isa = PBXFileReference; includeInIndex = 1; lastKnownFileType = text.xcconfig; name = "Pods-github-search-example.release.xcconfig"; path = "Target Support Files/Pods-github-search-example/Pods-github-search-example.release.xcconfig"; sourceTree = "<group>"; };
		28DA6F11979E00C41160FD7F /* Pods_github_search_exampleTests.framework */ = {isa = PBXFileReference; explicitFileType = wrapper.framework; includeInIndex = 0; path = Pods_github_search_exampleTests.framework; sourceTree = BUILT_PRODUCTS_DIR; };
		2CEB9B01CD65DBE3D4F10908 /* Pods_github_search_example.framework */ = {isa = PBXFileReference; explicitFileType = wrapper.framework; includeInIndex = 0; path = Pods_github_search_example.framework; sourceTree = BUILT_PRODUCTS_DIR; };
		4C8CE8AF8EFEC152CEF0E134 /* Pods-github-search-exampleTests.release.xcconfig */ = {isa = PBXFileReference; includeInIndex = 1; lastKnownFileType = text.xcconfig; name = "Pods-github-search-exampleTests.release.xcconfig"; path = "Target Support Files/Pods-github-search-exampleTests/Pods-github-search-exampleTests.release.xcconfig"; sourceTree = "<group>"; };
		7CF46C2162AE69DF36560B26 /* Pods-github-search-example-github-search-exampleUITests.debug.xcconfig */ = {isa = PBXFileReference; includeInIndex = 1; lastKnownFileType = text.xcconfig; name = "Pods-github-search-example-github-search-exampleUITests.debug.xcconfig"; path = "Target Support Files/Pods-github-search-example-github-search-exampleUITests/Pods-github-search-example-github-search-exampleUITests.debug.xcconfig"; sourceTree = "<group>"; };
		84765002C304FD7714129050 /* Pods-github-search-example.debug.xcconfig */ = {isa = PBXFileReference; includeInIndex = 1; lastKnownFileType = text.xcconfig; name = "Pods-github-search-example.debug.xcconfig"; path = "Target Support Files/Pods-github-search-example/Pods-github-search-example.debug.xcconfig"; sourceTree = "<group>"; };
		987CF3D72AF14BD4003468F4 /* github-search-example.app */ = {isa = PBXFileReference; explicitFileType = wrapper.application; includeInIndex = 0; path = "github-search-example.app"; sourceTree = BUILT_PRODUCTS_DIR; };
		987CF3DA2AF14BD4003468F4 /* AppDelegate.swift */ = {isa = PBXFileReference; lastKnownFileType = sourcecode.swift; path = AppDelegate.swift; sourceTree = "<group>"; };
		987CF3DC2AF14BD4003468F4 /* SceneDelegate.swift */ = {isa = PBXFileReference; lastKnownFileType = sourcecode.swift; path = SceneDelegate.swift; sourceTree = "<group>"; };
		987CF3E12AF14BD4003468F4 /* Base */ = {isa = PBXFileReference; lastKnownFileType = file.storyboard; name = Base; path = Base.lproj/Main.storyboard; sourceTree = "<group>"; };
		987CF3E32AF14BD5003468F4 /* Assets.xcassets */ = {isa = PBXFileReference; lastKnownFileType = folder.assetcatalog; path = Assets.xcassets; sourceTree = "<group>"; };
		987CF3E62AF14BD5003468F4 /* Base */ = {isa = PBXFileReference; lastKnownFileType = file.storyboard; name = Base; path = Base.lproj/LaunchScreen.storyboard; sourceTree = "<group>"; };
		987CF3E82AF14BD5003468F4 /* Info.plist */ = {isa = PBXFileReference; lastKnownFileType = text.plist.xml; path = Info.plist; sourceTree = "<group>"; };
		987CF3ED2AF14BD5003468F4 /* github-search-exampleTests.xctest */ = {isa = PBXFileReference; explicitFileType = wrapper.cfbundle; includeInIndex = 0; path = "github-search-exampleTests.xctest"; sourceTree = BUILT_PRODUCTS_DIR; };
		987CF3F12AF14BD5003468F4 /* github_search_exampleTests.swift */ = {isa = PBXFileReference; lastKnownFileType = sourcecode.swift; path = github_search_exampleTests.swift; sourceTree = "<group>"; };
		987CF3F72AF14BD5003468F4 /* github-search-exampleUITests.xctest */ = {isa = PBXFileReference; explicitFileType = wrapper.cfbundle; includeInIndex = 0; path = "github-search-exampleUITests.xctest"; sourceTree = BUILT_PRODUCTS_DIR; };
		987CF3FB2AF14BD5003468F4 /* github_search_exampleUITests.swift */ = {isa = PBXFileReference; lastKnownFileType = sourcecode.swift; path = github_search_exampleUITests.swift; sourceTree = "<group>"; };
		987CF3FD2AF14BD5003468F4 /* github_search_exampleUITestsLaunchTests.swift */ = {isa = PBXFileReference; lastKnownFileType = sourcecode.swift; path = github_search_exampleUITestsLaunchTests.swift; sourceTree = "<group>"; };
		987CF40A2AF15ADC003468F4 /* GithubSearchTableViewController.swift */ = {isa = PBXFileReference; lastKnownFileType = sourcecode.swift; path = GithubSearchTableViewController.swift; sourceTree = "<group>"; };
		987CF40C2AF16F53003468F4 /* GithubSearchTableViewCell.swift */ = {isa = PBXFileReference; lastKnownFileType = sourcecode.swift; path = GithubSearchTableViewCell.swift; sourceTree = "<group>"; };
		987CF4192AF192A7003468F4 /* NetworkTypes.swift */ = {isa = PBXFileReference; lastKnownFileType = sourcecode.swift; path = NetworkTypes.swift; sourceTree = "<group>"; };
		987CF41B2AF1A119003468F4 /* WebViewViewController.swift */ = {isa = PBXFileReference; lastKnownFileType = sourcecode.swift; path = WebViewViewController.swift; sourceTree = "<group>"; };
		98D03F062AF295BD0040E286 /* NetworkApi.swift */ = {isa = PBXFileReference; lastKnownFileType = sourcecode.swift; path = NetworkApi.swift; sourceTree = "<group>"; };
		A98743C4C13D7B0916E1900B /* Pods_github_search_example_github_search_exampleUITests.framework */ = {isa = PBXFileReference; explicitFileType = wrapper.framework; includeInIndex = 0; path = Pods_github_search_example_github_search_exampleUITests.framework; sourceTree = BUILT_PRODUCTS_DIR; };
		ECC45C3ADF9A0A680E85BF40 /* Pods-github-search-example-github-search-exampleUITests.release.xcconfig */ = {isa = PBXFileReference; includeInIndex = 1; lastKnownFileType = text.xcconfig; name = "Pods-github-search-example-github-search-exampleUITests.release.xcconfig"; path = "Target Support Files/Pods-github-search-example-github-search-exampleUITests/Pods-github-search-example-github-search-exampleUITests.release.xcconfig"; sourceTree = "<group>"; };
/* End PBXFileReference section */

/* Begin PBXFrameworksBuildPhase section */
		987CF3D42AF14BD4003468F4 /* Frameworks */ = {
			isa = PBXFrameworksBuildPhase;
			buildActionMask = 2147483647;
			files = (
				7B788930F4B6B119D0D94850 /* Pods_github_search_example.framework in Frameworks */,
			);
			runOnlyForDeploymentPostprocessing = 0;
		};
		987CF3EA2AF14BD5003468F4 /* Frameworks */ = {
			isa = PBXFrameworksBuildPhase;
			buildActionMask = 2147483647;
			files = (
				09303C525C2D72A7E5B99C96 /* Pods_github_search_exampleTests.framework in Frameworks */,
			);
			runOnlyForDeploymentPostprocessing = 0;
		};
		987CF3F42AF14BD5003468F4 /* Frameworks */ = {
			isa = PBXFrameworksBuildPhase;
			buildActionMask = 2147483647;
			files = (
				116A2CF6F10450E524B02342 /* Pods_github_search_example_github_search_exampleUITests.framework in Frameworks */,
			);
			runOnlyForDeploymentPostprocessing = 0;
		};
/* End PBXFrameworksBuildPhase section */

/* Begin PBXGroup section */
		5F3CE60947B093C6FD3BC50B /* Pods */ = {
			isa = PBXGroup;
			children = (
				84765002C304FD7714129050 /* Pods-github-search-example.debug.xcconfig */,
				1E5F244E7622889AFFCA246D /* Pods-github-search-example.release.xcconfig */,
				7CF46C2162AE69DF36560B26 /* Pods-github-search-example-github-search-exampleUITests.debug.xcconfig */,
				ECC45C3ADF9A0A680E85BF40 /* Pods-github-search-example-github-search-exampleUITests.release.xcconfig */,
				08321B568DFDE620BDFBA6C7 /* Pods-github-search-exampleTests.debug.xcconfig */,
				4C8CE8AF8EFEC152CEF0E134 /* Pods-github-search-exampleTests.release.xcconfig */,
			);
			path = Pods;
			sourceTree = "<group>";
		};
		987CF3CE2AF14BD4003468F4 = {
			isa = PBXGroup;
			children = (
				987CF3D92AF14BD4003468F4 /* github-search-example */,
				987CF3F02AF14BD5003468F4 /* github-search-exampleTests */,
				987CF3FA2AF14BD5003468F4 /* github-search-exampleUITests */,
				987CF3D82AF14BD4003468F4 /* Products */,
				5F3CE60947B093C6FD3BC50B /* Pods */,
				E826C7A51ABB62EA1CED1556 /* Frameworks */,
			);
			sourceTree = "<group>";
		};
		987CF3D82AF14BD4003468F4 /* Products */ = {
			isa = PBXGroup;
			children = (
				987CF3D72AF14BD4003468F4 /* github-search-example.app */,
				987CF3ED2AF14BD5003468F4 /* github-search-exampleTests.xctest */,
				987CF3F72AF14BD5003468F4 /* github-search-exampleUITests.xctest */,
			);
			name = Products;
			sourceTree = "<group>";
		};
		987CF3D92AF14BD4003468F4 /* github-search-example */ = {
			isa = PBXGroup;
			children = (
				987CF3DA2AF14BD4003468F4 /* AppDelegate.swift */,
				987CF3DC2AF14BD4003468F4 /* SceneDelegate.swift */,
				987CF4192AF192A7003468F4 /* NetworkTypes.swift */,
				98D03F062AF295BD0040E286 /* NetworkApi.swift */,
				987CF40C2AF16F53003468F4 /* GithubSearchTableViewCell.swift */,
				987CF40A2AF15ADC003468F4 /* GithubSearchTableViewController.swift */,
				987CF41B2AF1A119003468F4 /* WebViewViewController.swift */,
				987CF3E02AF14BD4003468F4 /* Main.storyboard */,
				987CF3E32AF14BD5003468F4 /* Assets.xcassets */,
				987CF3E52AF14BD5003468F4 /* LaunchScreen.storyboard */,
				987CF3E82AF14BD5003468F4 /* Info.plist */,
			);
			path = "github-search-example";
			sourceTree = "<group>";
		};
		987CF3F02AF14BD5003468F4 /* github-search-exampleTests */ = {
			isa = PBXGroup;
			children = (
				987CF3F12AF14BD5003468F4 /* github_search_exampleTests.swift */,
			);
			path = "github-search-exampleTests";
			sourceTree = "<group>";
		};
		987CF3FA2AF14BD5003468F4 /* github-search-exampleUITests */ = {
			isa = PBXGroup;
			children = (
				987CF3FB2AF14BD5003468F4 /* github_search_exampleUITests.swift */,
				987CF3FD2AF14BD5003468F4 /* github_search_exampleUITestsLaunchTests.swift */,
			);
			path = "github-search-exampleUITests";
			sourceTree = "<group>";
		};
		E826C7A51ABB62EA1CED1556 /* Frameworks */ = {
			isa = PBXGroup;
			children = (
				2CEB9B01CD65DBE3D4F10908 /* Pods_github_search_example.framework */,
				A98743C4C13D7B0916E1900B /* Pods_github_search_example_github_search_exampleUITests.framework */,
				28DA6F11979E00C41160FD7F /* Pods_github_search_exampleTests.framework */,
			);
			name = Frameworks;
			sourceTree = "<group>";
		};
/* End PBXGroup section */

/* Begin PBXNativeTarget section */
		987CF3D62AF14BD4003468F4 /* github-search-example */ = {
			isa = PBXNativeTarget;
			buildConfigurationList = 987CF4012AF14BD5003468F4 /* Build configuration list for PBXNativeTarget "github-search-example" */;
			buildPhases = (
				7FAB0800FD5A795D95171F61 /* [CP] Check Pods Manifest.lock */,
				987CF3D32AF14BD4003468F4 /* Sources */,
				987CF3D42AF14BD4003468F4 /* Frameworks */,
				987CF3D52AF14BD4003468F4 /* Resources */,
				EE4811151C9A8ACB444106BC /* [CP] Embed Pods Frameworks */,
			);
			buildRules = (
			);
			dependencies = (
			);
			name = "github-search-example";
			productName = "github-search-example";
			productReference = 987CF3D72AF14BD4003468F4 /* github-search-example.app */;
			productType = "com.apple.product-type.application";
		};
		987CF3EC2AF14BD5003468F4 /* github-search-exampleTests */ = {
			isa = PBXNativeTarget;
			buildConfigurationList = 987CF4042AF14BD5003468F4 /* Build configuration list for PBXNativeTarget "github-search-exampleTests" */;
			buildPhases = (
				CBB7C6D02918D32A32762EE4 /* [CP] Check Pods Manifest.lock */,
				987CF3E92AF14BD5003468F4 /* Sources */,
				987CF3EA2AF14BD5003468F4 /* Frameworks */,
				987CF3EB2AF14BD5003468F4 /* Resources */,
			);
			buildRules = (
			);
			dependencies = (
				987CF3EF2AF14BD5003468F4 /* PBXTargetDependency */,
			);
			name = "github-search-exampleTests";
			productName = "github-search-exampleTests";
			productReference = 987CF3ED2AF14BD5003468F4 /* github-search-exampleTests.xctest */;
			productType = "com.apple.product-type.bundle.unit-test";
		};
		987CF3F62AF14BD5003468F4 /* github-search-exampleUITests */ = {
			isa = PBXNativeTarget;
			buildConfigurationList = 987CF4072AF14BD5003468F4 /* Build configuration list for PBXNativeTarget "github-search-exampleUITests" */;
			buildPhases = (
				457A34A8D0D5C379A5A45F18 /* [CP] Check Pods Manifest.lock */,
				987CF3F32AF14BD5003468F4 /* Sources */,
				987CF3F42AF14BD5003468F4 /* Frameworks */,
				987CF3F52AF14BD5003468F4 /* Resources */,
				D544ADDB61B95AC6CEE218DC /* [CP] Embed Pods Frameworks */,
			);
			buildRules = (
			);
			dependencies = (
				987CF3F92AF14BD5003468F4 /* PBXTargetDependency */,
			);
			name = "github-search-exampleUITests";
			productName = "github-search-exampleUITests";
			productReference = 987CF3F72AF14BD5003468F4 /* github-search-exampleUITests.xctest */;
			productType = "com.apple.product-type.bundle.ui-testing";
		};
/* End PBXNativeTarget section */

/* Begin PBXProject section */
		987CF3CF2AF14BD4003468F4 /* Project object */ = {
			isa = PBXProject;
			attributes = {
				BuildIndependentTargetsInParallel = 1;
				LastSwiftUpdateCheck = 1500;
				LastUpgradeCheck = 1500;
				TargetAttributes = {
					987CF3D62AF14BD4003468F4 = {
						CreatedOnToolsVersion = 15.0.1;
					};
					987CF3EC2AF14BD5003468F4 = {
						CreatedOnToolsVersion = 15.0.1;
						TestTargetID = 987CF3D62AF14BD4003468F4;
					};
					987CF3F62AF14BD5003468F4 = {
						CreatedOnToolsVersion = 15.0.1;
						TestTargetID = 987CF3D62AF14BD4003468F4;
					};
				};
			};
			buildConfigurationList = 987CF3D22AF14BD4003468F4 /* Build configuration list for PBXProject "github-search-example" */;
			compatibilityVersion = "Xcode 14.0";
			developmentRegion = en;
			hasScannedForEncodings = 0;
			knownRegions = (
				en,
				Base,
			);
			mainGroup = 987CF3CE2AF14BD4003468F4;
			productRefGroup = 987CF3D82AF14BD4003468F4 /* Products */;
			projectDirPath = "";
			projectRoot = "";
			targets = (
				987CF3D62AF14BD4003468F4 /* github-search-example */,
				987CF3EC2AF14BD5003468F4 /* github-search-exampleTests */,
				987CF3F62AF14BD5003468F4 /* github-search-exampleUITests */,
			);
		};
/* End PBXProject section */

/* Begin PBXResourcesBuildPhase section */
		987CF3D52AF14BD4003468F4 /* Resources */ = {
			isa = PBXResourcesBuildPhase;
			buildActionMask = 2147483647;
			files = (
				987CF3E72AF14BD5003468F4 /* LaunchScreen.storyboard in Resources */,
				987CF3E42AF14BD5003468F4 /* Assets.xcassets in Resources */,
				987CF3E22AF14BD4003468F4 /* Main.storyboard in Resources */,
			);
			runOnlyForDeploymentPostprocessing = 0;
		};
		987CF3EB2AF14BD5003468F4 /* Resources */ = {
			isa = PBXResourcesBuildPhase;
			buildActionMask = 2147483647;
			files = (
			);
			runOnlyForDeploymentPostprocessing = 0;
		};
		987CF3F52AF14BD5003468F4 /* Resources */ = {
			isa = PBXResourcesBuildPhase;
			buildActionMask = 2147483647;
			files = (
			);
			runOnlyForDeploymentPostprocessing = 0;
		};
/* End PBXResourcesBuildPhase section */

/* Begin PBXShellScriptBuildPhase section */
		457A34A8D0D5C379A5A45F18 /* [CP] Check Pods Manifest.lock */ = {
			isa = PBXShellScriptBuildPhase;
			buildActionMask = 2147483647;
			files = (
			);
			inputFileListPaths = (
			);
			inputPaths = (
				"${PODS_PODFILE_DIR_PATH}/Podfile.lock",
				"${PODS_ROOT}/Manifest.lock",
			);
			name = "[CP] Check Pods Manifest.lock";
			outputFileListPaths = (
			);
			outputPaths = (
				"$(DERIVED_FILE_DIR)/Pods-github-search-example-github-search-exampleUITests-checkManifestLockResult.txt",
			);
			runOnlyForDeploymentPostprocessing = 0;
			shellPath = /bin/sh;
			shellScript = "diff \"${PODS_PODFILE_DIR_PATH}/Podfile.lock\" \"${PODS_ROOT}/Manifest.lock\" > /dev/null\nif [ $? != 0 ] ; then\n    # print error to STDERR\n    echo \"error: The sandbox is not in sync with the Podfile.lock. Run 'pod install' or update your CocoaPods installation.\" >&2\n    exit 1\nfi\n# This output is used by Xcode 'outputs' to avoid re-running this script phase.\necho \"SUCCESS\" > \"${SCRIPT_OUTPUT_FILE_0}\"\n";
			showEnvVarsInLog = 0;
		};
		7FAB0800FD5A795D95171F61 /* [CP] Check Pods Manifest.lock */ = {
			isa = PBXShellScriptBuildPhase;
			buildActionMask = 2147483647;
			files = (
			);
			inputFileListPaths = (
			);
			inputPaths = (
				"${PODS_PODFILE_DIR_PATH}/Podfile.lock",
				"${PODS_ROOT}/Manifest.lock",
			);
			name = "[CP] Check Pods Manifest.lock";
			outputFileListPaths = (
			);
			outputPaths = (
				"$(DERIVED_FILE_DIR)/Pods-github-search-example-checkManifestLockResult.txt",
			);
			runOnlyForDeploymentPostprocessing = 0;
			shellPath = /bin/sh;
			shellScript = "diff \"${PODS_PODFILE_DIR_PATH}/Podfile.lock\" \"${PODS_ROOT}/Manifest.lock\" > /dev/null\nif [ $? != 0 ] ; then\n    # print error to STDERR\n    echo \"error: The sandbox is not in sync with the Podfile.lock. Run 'pod install' or update your CocoaPods installation.\" >&2\n    exit 1\nfi\n# This output is used by Xcode 'outputs' to avoid re-running this script phase.\necho \"SUCCESS\" > \"${SCRIPT_OUTPUT_FILE_0}\"\n";
			showEnvVarsInLog = 0;
		};
		CBB7C6D02918D32A32762EE4 /* [CP] Check Pods Manifest.lock */ = {
			isa = PBXShellScriptBuildPhase;
			buildActionMask = 2147483647;
			files = (
			);
			inputFileListPaths = (
			);
			inputPaths = (
				"${PODS_PODFILE_DIR_PATH}/Podfile.lock",
				"${PODS_ROOT}/Manifest.lock",
			);
			name = "[CP] Check Pods Manifest.lock";
			outputFileListPaths = (
			);
			outputPaths = (
				"$(DERIVED_FILE_DIR)/Pods-github-search-exampleTests-checkManifestLockResult.txt",
			);
			runOnlyForDeploymentPostprocessing = 0;
			shellPath = /bin/sh;
			shellScript = "diff \"${PODS_PODFILE_DIR_PATH}/Podfile.lock\" \"${PODS_ROOT}/Manifest.lock\" > /dev/null\nif [ $? != 0 ] ; then\n    # print error to STDERR\n    echo \"error: The sandbox is not in sync with the Podfile.lock. Run 'pod install' or update your CocoaPods installation.\" >&2\n    exit 1\nfi\n# This output is used by Xcode 'outputs' to avoid re-running this script phase.\necho \"SUCCESS\" > \"${SCRIPT_OUTPUT_FILE_0}\"\n";
			showEnvVarsInLog = 0;
		};
		D544ADDB61B95AC6CEE218DC /* [CP] Embed Pods Frameworks */ = {
			isa = PBXShellScriptBuildPhase;
			buildActionMask = 2147483647;
			files = (
			);
			inputFileListPaths = (
				"${PODS_ROOT}/Target Support Files/Pods-github-search-example-github-search-exampleUITests/Pods-github-search-example-github-search-exampleUITests-frameworks-${CONFIGURATION}-input-files.xcfilelist",
			);
			name = "[CP] Embed Pods Frameworks";
			outputFileListPaths = (
				"${PODS_ROOT}/Target Support Files/Pods-github-search-example-github-search-exampleUITests/Pods-github-search-example-github-search-exampleUITests-frameworks-${CONFIGURATION}-output-files.xcfilelist",
			);
			runOnlyForDeploymentPostprocessing = 0;
			shellPath = /bin/sh;
			shellScript = "\"${PODS_ROOT}/Target Support Files/Pods-github-search-example-github-search-exampleUITests/Pods-github-search-example-github-search-exampleUITests-frameworks.sh\"\n";
			showEnvVarsInLog = 0;
		};
		EE4811151C9A8ACB444106BC /* [CP] Embed Pods Frameworks */ = {
			isa = PBXShellScriptBuildPhase;
			buildActionMask = 2147483647;
			files = (
			);
			inputFileListPaths = (
				"${PODS_ROOT}/Target Support Files/Pods-github-search-example/Pods-github-search-example-frameworks-${CONFIGURATION}-input-files.xcfilelist",
			);
			name = "[CP] Embed Pods Frameworks";
			outputFileListPaths = (
				"${PODS_ROOT}/Target Support Files/Pods-github-search-example/Pods-github-search-example-frameworks-${CONFIGURATION}-output-files.xcfilelist",
			);
			runOnlyForDeploymentPostprocessing = 0;
			shellPath = /bin/sh;
			shellScript = "\"${PODS_ROOT}/Target Support Files/Pods-github-search-example/Pods-github-search-example-frameworks.sh\"\n";
			showEnvVarsInLog = 0;
		};
/* End PBXShellScriptBuildPhase section */

/* Begin PBXSourcesBuildPhase section */
		987CF3D32AF14BD4003468F4 /* Sources */ = {
			isa = PBXSourcesBuildPhase;
			buildActionMask = 2147483647;
			files = (
				987CF41C2AF1A119003468F4 /* WebViewViewController.swift in Sources */,
				987CF41A2AF192A7003468F4 /* NetworkTypes.swift in Sources */,
				987CF40D2AF16F53003468F4 /* GithubSearchTableViewCell.swift in Sources */,
				987CF3DB2AF14BD4003468F4 /* AppDelegate.swift in Sources */,
				987CF40B2AF15ADC003468F4 /* GithubSearchTableViewController.swift in Sources */,
				987CF3DD2AF14BD4003468F4 /* SceneDelegate.swift in Sources */,
				98D03F072AF295BD0040E286 /* NetworkApi.swift in Sources */,
			);
			runOnlyForDeploymentPostprocessing = 0;
		};
		987CF3E92AF14BD5003468F4 /* Sources */ = {
			isa = PBXSourcesBuildPhase;
			buildActionMask = 2147483647;
			files = (
				987CF3F22AF14BD5003468F4 /* github_search_exampleTests.swift in Sources */,
			);
			runOnlyForDeploymentPostprocessing = 0;
		};
		987CF3F32AF14BD5003468F4 /* Sources */ = {
			isa = PBXSourcesBuildPhase;
			buildActionMask = 2147483647;
			files = (
				987CF3FE2AF14BD5003468F4 /* github_search_exampleUITestsLaunchTests.swift in Sources */,
				987CF3FC2AF14BD5003468F4 /* github_search_exampleUITests.swift in Sources */,
			);
			runOnlyForDeploymentPostprocessing = 0;
		};
/* End PBXSourcesBuildPhase section */

/* Begin PBXTargetDependency section */
		987CF3EF2AF14BD5003468F4 /* PBXTargetDependency */ = {
			isa = PBXTargetDependency;
			target = 987CF3D62AF14BD4003468F4 /* github-search-example */;
			targetProxy = 987CF3EE2AF14BD5003468F4 /* PBXContainerItemProxy */;
		};
		987CF3F92AF14BD5003468F4 /* PBXTargetDependency */ = {
			isa = PBXTargetDependency;
			target = 987CF3D62AF14BD4003468F4 /* github-search-example */;
			targetProxy = 987CF3F82AF14BD5003468F4 /* PBXContainerItemProxy */;
		};
/* End PBXTargetDependency section */

/* Begin PBXVariantGroup section */
		987CF3E02AF14BD4003468F4 /* Main.storyboard */ = {
			isa = PBXVariantGroup;
			children = (
				987CF3E12AF14BD4003468F4 /* Base */,
			);
			name = Main.storyboard;
			sourceTree = "<group>";
		};
		987CF3E52AF14BD5003468F4 /* LaunchScreen.storyboard */ = {
			isa = PBXVariantGroup;
			children = (
				987CF3E62AF14BD5003468F4 /* Base */,
			);
			name = LaunchScreen.storyboard;
			sourceTree = "<group>";
		};
/* End PBXVariantGroup section */

/* Begin XCBuildConfiguration section */
		987CF3FF2AF14BD5003468F4 /* Debug */ = {
			isa = XCBuildConfiguration;
			buildSettings = {
				ALWAYS_SEARCH_USER_PATHS = NO;
				ASSETCATALOG_COMPILER_GENERATE_SWIFT_ASSET_SYMBOL_EXTENSIONS = YES;
				CLANG_ANALYZER_NONNULL = YES;
				CLANG_ANALYZER_NUMBER_OBJECT_CONVERSION = YES_AGGRESSIVE;
				CLANG_CXX_LANGUAGE_STANDARD = "gnu++20";
				CLANG_ENABLE_MODULES = YES;
				CLANG_ENABLE_OBJC_ARC = YES;
				CLANG_ENABLE_OBJC_WEAK = YES;
				CLANG_WARN_BLOCK_CAPTURE_AUTORELEASING = YES;
				CLANG_WARN_BOOL_CONVERSION = YES;
				CLANG_WARN_COMMA = YES;
				CLANG_WARN_CONSTANT_CONVERSION = YES;
				CLANG_WARN_DEPRECATED_OBJC_IMPLEMENTATIONS = YES;
				CLANG_WARN_DIRECT_OBJC_ISA_USAGE = YES_ERROR;
				CLANG_WARN_DOCUMENTATION_COMMENTS = YES;
				CLANG_WARN_EMPTY_BODY = YES;
				CLANG_WARN_ENUM_CONVERSION = YES;
				CLANG_WARN_INFINITE_RECURSION = YES;
				CLANG_WARN_INT_CONVERSION = YES;
				CLANG_WARN_NON_LITERAL_NULL_CONVERSION = YES;
				CLANG_WARN_OBJC_IMPLICIT_RETAIN_SELF = YES;
				CLANG_WARN_OBJC_LITERAL_CONVERSION = YES;
				CLANG_WARN_OBJC_ROOT_CLASS = YES_ERROR;
				CLANG_WARN_QUOTED_INCLUDE_IN_FRAMEWORK_HEADER = YES;
				CLANG_WARN_RANGE_LOOP_ANALYSIS = YES;
				CLANG_WARN_STRICT_PROTOTYPES = YES;
				CLANG_WARN_SUSPICIOUS_MOVE = YES;
				CLANG_WARN_UNGUARDED_AVAILABILITY = YES_AGGRESSIVE;
				CLANG_WARN_UNREACHABLE_CODE = YES;
				CLANG_WARN__DUPLICATE_METHOD_MATCH = YES;
				COPY_PHASE_STRIP = NO;
				DEBUG_INFORMATION_FORMAT = dwarf;
				ENABLE_STRICT_OBJC_MSGSEND = YES;
				ENABLE_TESTABILITY = YES;
				ENABLE_USER_SCRIPT_SANDBOXING = YES;
				GCC_C_LANGUAGE_STANDARD = gnu17;
				GCC_DYNAMIC_NO_PIC = NO;
				GCC_NO_COMMON_BLOCKS = YES;
				GCC_OPTIMIZATION_LEVEL = 0;
				GCC_PREPROCESSOR_DEFINITIONS = (
					"DEBUG=1",
					"$(inherited)",
				);
				GCC_WARN_64_TO_32_BIT_CONVERSION = YES;
				GCC_WARN_ABOUT_RETURN_TYPE = YES_ERROR;
				GCC_WARN_UNDECLARED_SELECTOR = YES;
				GCC_WARN_UNINITIALIZED_AUTOS = YES_AGGRESSIVE;
				GCC_WARN_UNUSED_FUNCTION = YES;
				GCC_WARN_UNUSED_VARIABLE = YES;
				IPHONEOS_DEPLOYMENT_TARGET = 17.0;
				LOCALIZATION_PREFERS_STRING_CATALOGS = YES;
				MTL_ENABLE_DEBUG_INFO = INCLUDE_SOURCE;
				MTL_FAST_MATH = YES;
				ONLY_ACTIVE_ARCH = YES;
				SDKROOT = iphoneos;
				SWIFT_ACTIVE_COMPILATION_CONDITIONS = "DEBUG $(inherited)";
				SWIFT_OPTIMIZATION_LEVEL = "-Onone";
			};
			name = Debug;
		};
		987CF4002AF14BD5003468F4 /* Release */ = {
			isa = XCBuildConfiguration;
			buildSettings = {
				ALWAYS_SEARCH_USER_PATHS = NO;
				ASSETCATALOG_COMPILER_GENERATE_SWIFT_ASSET_SYMBOL_EXTENSIONS = YES;
				CLANG_ANALYZER_NONNULL = YES;
				CLANG_ANALYZER_NUMBER_OBJECT_CONVERSION = YES_AGGRESSIVE;
				CLANG_CXX_LANGUAGE_STANDARD = "gnu++20";
				CLANG_ENABLE_MODULES = YES;
				CLANG_ENABLE_OBJC_ARC = YES;
				CLANG_ENABLE_OBJC_WEAK = YES;
				CLANG_WARN_BLOCK_CAPTURE_AUTORELEASING = YES;
				CLANG_WARN_BOOL_CONVERSION = YES;
				CLANG_WARN_COMMA = YES;
				CLANG_WARN_CONSTANT_CONVERSION = YES;
				CLANG_WARN_DEPRECATED_OBJC_IMPLEMENTATIONS = YES;
				CLANG_WARN_DIRECT_OBJC_ISA_USAGE = YES_ERROR;
				CLANG_WARN_DOCUMENTATION_COMMENTS = YES;
				CLANG_WARN_EMPTY_BODY = YES;
				CLANG_WARN_ENUM_CONVERSION = YES;
				CLANG_WARN_INFINITE_RECURSION = YES;
				CLANG_WARN_INT_CONVERSION = YES;
				CLANG_WARN_NON_LITERAL_NULL_CONVERSION = YES;
				CLANG_WARN_OBJC_IMPLICIT_RETAIN_SELF = YES;
				CLANG_WARN_OBJC_LITERAL_CONVERSION = YES;
				CLANG_WARN_OBJC_ROOT_CLASS = YES_ERROR;
				CLANG_WARN_QUOTED_INCLUDE_IN_FRAMEWORK_HEADER = YES;
				CLANG_WARN_RANGE_LOOP_ANALYSIS = YES;
				CLANG_WARN_STRICT_PROTOTYPES = YES;
				CLANG_WARN_SUSPICIOUS_MOVE = YES;
				CLANG_WARN_UNGUARDED_AVAILABILITY = YES_AGGRESSIVE;
				CLANG_WARN_UNREACHABLE_CODE = YES;
				CLANG_WARN__DUPLICATE_METHOD_MATCH = YES;
				COPY_PHASE_STRIP = NO;
				DEBUG_INFORMATION_FORMAT = "dwarf-with-dsym";
				ENABLE_NS_ASSERTIONS = NO;
				ENABLE_STRICT_OBJC_MSGSEND = YES;
				ENABLE_USER_SCRIPT_SANDBOXING = YES;
				GCC_C_LANGUAGE_STANDARD = gnu17;
				GCC_NO_COMMON_BLOCKS = YES;
				GCC_WARN_64_TO_32_BIT_CONVERSION = YES;
				GCC_WARN_ABOUT_RETURN_TYPE = YES_ERROR;
				GCC_WARN_UNDECLARED_SELECTOR = YES;
				GCC_WARN_UNINITIALIZED_AUTOS = YES_AGGRESSIVE;
				GCC_WARN_UNUSED_FUNCTION = YES;
				GCC_WARN_UNUSED_VARIABLE = YES;
				IPHONEOS_DEPLOYMENT_TARGET = 17.0;
				LOCALIZATION_PREFERS_STRING_CATALOGS = YES;
				MTL_ENABLE_DEBUG_INFO = NO;
				MTL_FAST_MATH = YES;
				SDKROOT = iphoneos;
				SWIFT_COMPILATION_MODE = wholemodule;
				VALIDATE_PRODUCT = YES;
			};
			name = Release;
		};
		987CF4022AF14BD5003468F4 /* Debug */ = {
			isa = XCBuildConfiguration;
			baseConfigurationReference = 84765002C304FD7714129050 /* Pods-github-search-example.debug.xcconfig */;
			buildSettings = {
				ASSETCATALOG_COMPILER_APPICON_NAME = AppIcon;
				ASSETCATALOG_COMPILER_GLOBAL_ACCENT_COLOR_NAME = AccentColor;
				CODE_SIGN_STYLE = Automatic;
				CURRENT_PROJECT_VERSION = 1;
				DEVELOPMENT_TEAM = KLCKUEZ5J2;
				ENABLE_USER_SCRIPT_SANDBOXING = NO;
				GENERATE_INFOPLIST_FILE = YES;
				INFOPLIST_FILE = "github-search-example/Info.plist";
				INFOPLIST_KEY_UIApplicationSupportsIndirectInputEvents = YES;
				INFOPLIST_KEY_UILaunchStoryboardName = LaunchScreen;
				INFOPLIST_KEY_UIMainStoryboardFile = Main;
				INFOPLIST_KEY_UISupportedInterfaceOrientations = UIInterfaceOrientationPortrait;
				INFOPLIST_KEY_UISupportedInterfaceOrientations_iPad = "UIInterfaceOrientationLandscapeLeft UIInterfaceOrientationLandscapeRight UIInterfaceOrientationPortrait UIInterfaceOrientationPortraitUpsideDown";
				IPHONEOS_DEPLOYMENT_TARGET = 15.0;
				LD_RUNPATH_SEARCH_PATHS = (
					"$(inherited)",
					"@executable_path/Frameworks",
				);
				MARKETING_VERSION = 1.0;
				PRODUCT_BUNDLE_IDENTIFIER = "com.mrnuku.github-search-example";
				PRODUCT_NAME = "$(TARGET_NAME)";
				SUPPORTED_PLATFORMS = "iphoneos iphonesimulator";
				SUPPORTS_MACCATALYST = NO;
				SWIFT_EMIT_LOC_STRINGS = YES;
				SWIFT_VERSION = 5.0;
				TARGETED_DEVICE_FAMILY = 1;
			};
			name = Debug;
		};
		987CF4032AF14BD5003468F4 /* Release */ = {
			isa = XCBuildConfiguration;
			baseConfigurationReference = 1E5F244E7622889AFFCA246D /* Pods-github-search-example.release.xcconfig */;
			buildSettings = {
				ASSETCATALOG_COMPILER_APPICON_NAME = AppIcon;
				ASSETCATALOG_COMPILER_GLOBAL_ACCENT_COLOR_NAME = AccentColor;
				CODE_SIGN_STYLE = Automatic;
				CURRENT_PROJECT_VERSION = 1;
				DEVELOPMENT_TEAM = KLCKUEZ5J2;
				ENABLE_USER_SCRIPT_SANDBOXING = NO;
				GENERATE_INFOPLIST_FILE = YES;
				INFOPLIST_FILE = "github-search-example/Info.plist";
				INFOPLIST_KEY_UIApplicationSupportsIndirectInputEvents = YES;
				INFOPLIST_KEY_UILaunchStoryboardName = LaunchScreen;
				INFOPLIST_KEY_UIMainStoryboardFile = Main;
				INFOPLIST_KEY_UISupportedInterfaceOrientations = UIInterfaceOrientationPortrait;
				INFOPLIST_KEY_UISupportedInterfaceOrientations_iPad = "UIInterfaceOrientationLandscapeLeft UIInterfaceOrientationLandscapeRight UIInterfaceOrientationPortrait UIInterfaceOrientationPortraitUpsideDown";
				IPHONEOS_DEPLOYMENT_TARGET = 15.0;
				LD_RUNPATH_SEARCH_PATHS = (
					"$(inherited)",
					"@executable_path/Frameworks",
				);
				MARKETING_VERSION = 1.0;
				PRODUCT_BUNDLE_IDENTIFIER = "com.mrnuku.github-search-example";
				PRODUCT_NAME = "$(TARGET_NAME)";
				SUPPORTED_PLATFORMS = "iphoneos iphonesimulator";
				SUPPORTS_MACCATALYST = NO;
				SWIFT_EMIT_LOC_STRINGS = YES;
				SWIFT_VERSION = 5.0;
				TARGETED_DEVICE_FAMILY = 1;
			};
			name = Release;
		};
		987CF4052AF14BD5003468F4 /* Debug */ = {
			isa = XCBuildConfiguration;
			baseConfigurationReference = 08321B568DFDE620BDFBA6C7 /* Pods-github-search-exampleTests.debug.xcconfig */;
			buildSettings = {
				ALWAYS_EMBED_SWIFT_STANDARD_LIBRARIES = YES;
				BUNDLE_LOADER = "$(TEST_HOST)";
				CODE_SIGN_STYLE = Automatic;
				CURRENT_PROJECT_VERSION = 1;
				DEVELOPMENT_TEAM = KLCKUEZ5J2;
				GENERATE_INFOPLIST_FILE = YES;
				IPHONEOS_DEPLOYMENT_TARGET = 17.0;
				MARKETING_VERSION = 1.0;
				PRODUCT_BUNDLE_IDENTIFIER = "com.mrnuku.github-search-exampleTests";
				PRODUCT_NAME = "$(TARGET_NAME)";
				SWIFT_EMIT_LOC_STRINGS = NO;
				SWIFT_VERSION = 5.0;
				TARGETED_DEVICE_FAMILY = "1,2";
				TEST_HOST = "$(BUILT_PRODUCTS_DIR)/github-search-example.app/$(BUNDLE_EXECUTABLE_FOLDER_PATH)/github-search-example";
			};
			name = Debug;
		};
		987CF4062AF14BD5003468F4 /* Release */ = {
			isa = XCBuildConfiguration;
			baseConfigurationReference = 4C8CE8AF8EFEC152CEF0E134 /* Pods-github-search-exampleTests.release.xcconfig */;
			buildSettings = {
				ALWAYS_EMBED_SWIFT_STANDARD_LIBRARIES = YES;
				BUNDLE_LOADER = "$(TEST_HOST)";
				CODE_SIGN_STYLE = Automatic;
				CURRENT_PROJECT_VERSION = 1;
				DEVELOPMENT_TEAM = KLCKUEZ5J2;
				GENERATE_INFOPLIST_FILE = YES;
				IPHONEOS_DEPLOYMENT_TARGET = 17.0;
				MARKETING_VERSION = 1.0;
				PRODUCT_BUNDLE_IDENTIFIER = "com.mrnuku.github-search-exampleTests";
				PRODUCT_NAME = "$(TARGET_NAME)";
				SWIFT_EMIT_LOC_STRINGS = NO;
				SWIFT_VERSION = 5.0;
				TARGETED_DEVICE_FAMILY = "1,2";
				TEST_HOST = "$(BUILT_PRODUCTS_DIR)/github-search-example.app/$(BUNDLE_EXECUTABLE_FOLDER_PATH)/github-search-example";
			};
			name = Release;
		};
		987CF4082AF14BD5003468F4 /* Debug */ = {
			isa = XCBuildConfiguration;
			baseConfigurationReference = 7CF46C2162AE69DF36560B26 /* Pods-github-search-example-github-search-exampleUITests.debug.xcconfig */;
			buildSettings = {
				ALWAYS_EMBED_SWIFT_STANDARD_LIBRARIES = YES;
				CODE_SIGN_STYLE = Automatic;
				CURRENT_PROJECT_VERSION = 1;
				DEVELOPMENT_TEAM = KLCKUEZ5J2;
				GENERATE_INFOPLIST_FILE = YES;
				MARKETING_VERSION = 1.0;
				PRODUCT_BUNDLE_IDENTIFIER = "com.mrnuku.github-search-exampleUITests";
				PRODUCT_NAME = "$(TARGET_NAME)";
				SWIFT_EMIT_LOC_STRINGS = NO;
				SWIFT_VERSION = 5.0;
				TARGETED_DEVICE_FAMILY = "1,2";
				TEST_TARGET_NAME = "github-search-example";
			};
			name = Debug;
		};
		987CF4092AF14BD5003468F4 /* Release */ = {
			isa = XCBuildConfiguration;
			baseConfigurationReference = ECC45C3ADF9A0A680E85BF40 /* Pods-github-search-example-github-search-exampleUITests.release.xcconfig */;
			buildSettings = {
				ALWAYS_EMBED_SWIFT_STANDARD_LIBRARIES = YES;
				CODE_SIGN_STYLE = Automatic;
				CURRENT_PROJECT_VERSION = 1;
				DEVELOPMENT_TEAM = KLCKUEZ5J2;
				GENERATE_INFOPLIST_FILE = YES;
				MARKETING_VERSION = 1.0;
				PRODUCT_BUNDLE_IDENTIFIER = "com.mrnuku.github-search-exampleUITests";
				PRODUCT_NAME = "$(TARGET_NAME)";
				SWIFT_EMIT_LOC_STRINGS = NO;
				SWIFT_VERSION = 5.0;
				TARGETED_DEVICE_FAMILY = "1,2";
				TEST_TARGET_NAME = "github-search-example";
			};
			name = Release;
		};
/* End XCBuildConfiguration section */

/* Begin XCConfigurationList section */
		987CF3D22AF14BD4003468F4 /* Build configuration list for PBXProject "github-search-example" */ = {
			isa = XCConfigurationList;
			buildConfigurations = (
				987CF3FF2AF14BD5003468F4 /* Debug */,
				987CF4002AF14BD5003468F4 /* Release */,
			);
			defaultConfigurationIsVisible = 0;
			defaultConfigurationName = Release;
		};
		987CF4012AF14BD5003468F4 /* Build configuration list for PBXNativeTarget "github-search-example" */ = {
			isa = XCConfigurationList;
			buildConfigurations = (
				987CF4022AF14BD5003468F4 /* Debug */,
				987CF4032AF14BD5003468F4 /* Release */,
			);
			defaultConfigurationIsVisible = 0;
			defaultConfigurationName = Release;
		};
		987CF4042AF14BD5003468F4 /* Build configuration list for PBXNativeTarget "github-search-exampleTests" */ = {
			isa = XCConfigurationList;
			buildConfigurations = (
				987CF4052AF14BD5003468F4 /* Debug */,
				987CF4062AF14BD5003468F4 /* Release */,
			);
			defaultConfigurationIsVisible = 0;
			defaultConfigurationName = Release;
		};
		987CF4072AF14BD5003468F4 /* Build configuration list for PBXNativeTarget "github-search-exampleUITests" */ = {
			isa = XCConfigurationList;
			buildConfigurations = (
				987CF4082AF14BD5003468F4 /* Debug */,
				987CF4092AF14BD5003468F4 /* Release */,
			);
			defaultConfigurationIsVisible = 0;
			defaultConfigurationName = Release;
		};
/* End XCConfigurationList section */
	};
	rootObject = 987CF3CF2AF14BD4003468F4 /* Project object */;
}
